{
  "name": "mkw",
  "version": "0.1.1",
  "lockfileVersion": 2,
  "requires": true,
  "packages": {
    "": {
      "name": "mkw",
      "version": "0.1.1",
      "license": "ISC",
      "dependencies": {
        "atils": "^2.0.2"
      }
    },
    "node_modules/atils": {
      "version": "2.0.2",
      "resolved": "https://registry.npmjs.org/atils/-/atils-2.0.2.tgz",
      "integrity": "sha512-DTTdSfGj5dXzQSxE4uia8qd/uo1cHupI9lje/K7wYH0sMwe1o5fDrp99qcdt4pJjdBmyT+DXaukAo+YuQ8+IhA=="
    }
  },
  "dependencies": {
    "atils": {
      "version": "2.0.2",
      "resolved": "https://registry.npmjs.org/atils/-/atils-2.0.2.tgz",
      "integrity": "sha512-DTTdSfGj5dXzQSxE4uia8qd/uo1cHupI9lje/K7wYH0sMwe1o5fDrp99qcdt4pJjdBmyT+DXaukAo+YuQ8+IhA=="
    }
  }
}
